
Microsoft Visual Studio Solution File, Format Version 12.00
# Visual Studio Version 17
VisualStudioVersion = 17.5.002.0
MinimumVisualStudioVersion = 10.0.40219.1
Project("{9A19103F-16F7-4668-BE54-9A1E7A4F7556}") = "understanding-a-basic-c-program-Isaiah-Cargill-student", "understanding-a-basic-c-program-Isaiah-Cargill-student.csproj", "{4614160A-AE6C-4A65-BEDD-1E592DA660FD}"
EndProject
Global
	GlobalSection(SolutionConfigurationPlatforms) = preSolution
		Debug|Any CPU = Debug|Any CPU
		Release|Any CPU = Release|Any CPU
	EndGlobalSection
	GlobalSection(ProjectConfigurationPlatforms) = postSolution
		{4614160A-AE6C-4A65-BEDD-1E592DA660FD}.Debug|Any CPU.ActiveCfg = Debug|Any CPU
		{4614160A-AE6C-4A65-BEDD-1E592DA660FD}.Debug|Any CPU.Build.0 = Debug|Any CPU
		{4614160A-AE6C-4A65-BEDD-1E592DA660FD}.Release|Any CPU.ActiveCfg = Release|Any CPU
		{4614160A-AE6C-4A65-BEDD-1E592DA660FD}.Release|Any CPU.Build.0 = Release|Any CPU
	EndGlobalSection
	GlobalSection(SolutionProperties) = preSolution
		HideSolutionNode = FALSE
	EndGlobalSection
	GlobalSection(ExtensibilityGlobals) = postSolution
		SolutionGuid = {42E56F76-7BCD-4AD2-A28D-FAE4E4B02414}
	EndGlobalSection
EndGlobal
